// !$*UTF8*$!
{
	archiveVersion = 1;
	classes = {
	};
	objectVersion = 46;
	objects = {

/* Begin PBXBuildFile section */
		B72EEDCC1C5226D400D94F1B /* CTCommon.framework in Frameworks */ = {isa = PBXBuildFile; fileRef = B72EEDC11C5226D400D94F1B /* CTCommon.framework */; };
		B72EEDD11C5226D400D94F1B /* CTCommonTests.m in Sources */ = {isa = PBXBuildFile; fileRef = B72EEDD01C5226D400D94F1B /* CTCommonTests.m */; };
		B72EEDE21C5226FE00D94F1B /* CTI18N.h in Headers */ = {isa = PBXBuildFile; fileRef = B72EEDDC1C5226FE00D94F1B /* CTI18N.h */; settings = {ATTRIBUTES = (Public, ); }; };
		B72EEDE31C5226FE00D94F1B /* CTI18N.m in Sources */ = {isa = PBXBuildFile; fileRef = B72EEDDD1C5226FE00D94F1B /* CTI18N.m */; };
		B72EEDE41C5226FE00D94F1B /* CTLegacyMacros.h in Headers */ = {isa = PBXBuildFile; fileRef = B72EEDDE1C5226FE00D94F1B /* CTLegacyMacros.h */; settings = {ATTRIBUTES = (Public, ); }; };
		B72EEDE51C5226FE00D94F1B /* CTLog.h in Headers */ = {isa = PBXBuildFile; fileRef = B72EEDDF1C5226FE00D94F1B /* CTLog.h */; settings = {ATTRIBUTES = (Public, ); }; };
		B72EEDE61C5226FE00D94F1B /* CTLog.m in Sources */ = {isa = PBXBuildFile; fileRef = B72EEDE01C5226FE00D94F1B /* CTLog.m */; };
		B72EEDE81C52277000D94F1B /* CTCommon.h in Headers */ = {isa = PBXBuildFile; fileRef = B72EEDE71C52277000D94F1B /* CTCommon.h */; settings = {ATTRIBUTES = (Public, ); }; };
/* End PBXBuildFile section */

/* Begin PBXContainerItemProxy section */
		B72EEDCD1C5226D400D94F1B /* PBXContainerItemProxy */ = {
			isa = PBXContainerItemProxy;
			containerPortal = B72EEDB81C5226D400D94F1B /* Project object */;
			proxyType = 1;
			remoteGlobalIDString = B72EEDC01C5226D400D94F1B;
			remoteInfo = CTCommon;
		};
/* End PBXContainerItemProxy section */

/* Begin PBXFileReference section */
		B72EEDC11C5226D400D94F1B /* CTCommon.framework */ = {isa = PBXFileReference; explicitFileType = wrapper.framework; includeInIndex = 0; path = CTCommon.framework; sourceTree = BUILT_PRODUCTS_DIR; };
		B72EEDC61C5226D400D94F1B /* Info.plist */ = {isa = PBXFileReference; lastKnownFileType = text.plist.xml; path = Info.plist; sourceTree = "<group>"; };
		B72EEDCB1C5226D400D94F1B /* CTCommonTests.xctest */ = {isa = PBXFileReference; explicitFileType = wrapper.cfbundle; includeInIndex = 0; path = CTCommonTests.xctest; sourceTree = BUILT_PRODUCTS_DIR; };
		B72EEDD01C5226D400D94F1B /* CTCommonTests.m */ = {isa = PBXFileReference; lastKnownFileType = sourcecode.c.objc; path = CTCommonTests.m; sourceTree = "<group>"; };
		B72EEDD21C5226D400D94F1B /* Info.plist */ = {isa = PBXFileReference; lastKnownFileType = text.plist.xml; path = Info.plist; sourceTree = "<group>"; };
		B72EEDDC1C5226FE00D94F1B /* CTI18N.h */ = {isa = PBXFileReference; fileEncoding = 4; lastKnownFileType = sourcecode.c.h; path = CTI18N.h; sourceTree = "<group>"; };
		B72EEDDD1C5226FE00D94F1B /* CTI18N.m */ = {isa = PBXFileReference; fileEncoding = 4; lastKnownFileType = sourcecode.c.objc; path = CTI18N.m; sourceTree = "<group>"; };
		B72EEDDE1C5226FE00D94F1B /* CTLegacyMacros.h */ = {isa = PBXFileReference; fileEncoding = 4; lastKnownFileType = sourcecode.c.h; path = CTLegacyMacros.h; sourceTree = "<group>"; };
		B72EEDDF1C5226FE00D94F1B /* CTLog.h */ = {isa = PBXFileReference; fileEncoding = 4; lastKnownFileType = sourcecode.c.h; path = CTLog.h; sourceTree = "<group>"; };
		B72EEDE01C5226FE00D94F1B /* CTLog.m */ = {isa = PBXFileReference; fileEncoding = 4; lastKnownFileType = sourcecode.c.objc; path = CTLog.m; sourceTree = "<group>"; };
		B72EEDE71C52277000D94F1B /* CTCommon.h */ = {isa = PBXFileReference; fileEncoding = 4; lastKnownFileType = sourcecode.c.h; path = CTCommon.h; sourceTree = "<group>"; };
/* End PBXFileReference section */

/* Begin PBXFrameworksBuildPhase section */
		B72EEDBD1C5226D400D94F1B /* Frameworks */ = {
			isa = PBXFrameworksBuildPhase;
			buildActionMask = 2147483647;
			files = (
			);
			runOnlyForDeploymentPostprocessing = 0;
		};
		B72EEDC81C5226D400D94F1B /* Frameworks */ = {
			isa = PBXFrameworksBuildPhase;
			buildActionMask = 2147483647;
			files = (
				B72EEDCC1C5226D400D94F1B /* CTCommon.framework in Frameworks */,
			);
			runOnlyForDeploymentPostprocessing = 0;
		};
/* End PBXFrameworksBuildPhase section */

/* Begin PBXGroup section */
		B72EEDB71C5226D400D94F1B = {
			isa = PBXGroup;
			children = (
				B72EEDC31C5226D400D94F1B /* CTCommon */,
				B72EEDCF1C5226D400D94F1B /* CTCommonTests */,
				B72EEDC21C5226D400D94F1B /* Products */,
			);
			sourceTree = "<group>";
		};
		B72EEDC21C5226D400D94F1B /* Products */ = {
			isa = PBXGroup;
			children = (
				B72EEDC11C5226D400D94F1B /* CTCommon.framework */,
				B72EEDCB1C5226D400D94F1B /* CTCommonTests.xctest */,
			);
			name = Products;
			sourceTree = "<group>";
		};
		B72EEDC31C5226D400D94F1B /* CTCommon */ = {
			isa = PBXGroup;
			children = (
				B72EEDE71C52277000D94F1B /* CTCommon.h */,
				B72EEDDC1C5226FE00D94F1B /* CTI18N.h */,
				B72EEDDD1C5226FE00D94F1B /* CTI18N.m */,
				B72EEDDE1C5226FE00D94F1B /* CTLegacyMacros.h */,
				B72EEDDF1C5226FE00D94F1B /* CTLog.h */,
				B72EEDE01C5226FE00D94F1B /* CTLog.m */,
				B72EEDC61C5226D400D94F1B /* Info.plist */,
			);
			path = CTCommon;
			sourceTree = "<group>";
		};
		B72EEDCF1C5226D400D94F1B /* CTCommonTests */ = {
			isa = PBXGroup;
			children = (
				B72EEDD01C5226D400D94F1B /* CTCommonTests.m */,
				B72EEDD21C5226D400D94F1B /* Info.plist */,
			);
			path = CTCommonTests;
			sourceTree = "<group>";
		};
/* End PBXGroup section */

/* Begin PBXHeadersBuildPhase section */
		B72EEDBE1C5226D400D94F1B /* Headers */ = {
			isa = PBXHeadersBuildPhase;
			buildActionMask = 2147483647;
			files = (
				B72EEDE21C5226FE00D94F1B /* CTI18N.h in Headers */,
				B72EEDE51C5226FE00D94F1B /* CTLog.h in Headers */,
				B72EEDE81C52277000D94F1B /* CTCommon.h in Headers */,
				B72EEDE41C5226FE00D94F1B /* CTLegacyMacros.h in Headers */,
			);
			runOnlyForDeploymentPostprocessing = 0;
		};
/* End PBXHeadersBuildPhase section */

/* Begin PBXNativeTarget section */
		B72EEDC01C5226D400D94F1B /* CTCommon */ = {
			isa = PBXNativeTarget;
			buildConfigurationList = B72EEDD51C5226D400D94F1B /* Build configuration list for PBXNativeTarget "CTCommon" */;
			buildPhases = (
				B72EEDBC1C5226D400D94F1B /* Sources */,
				B72EEDBD1C5226D400D94F1B /* Frameworks */,
				B72EEDBE1C5226D400D94F1B /* Headers */,
				B72EEDBF1C5226D400D94F1B /* Resources */,
			);
			buildRules = (
			);
			dependencies = (
			);
			name = CTCommon;
			productName = CTCommon;
			productReference = B72EEDC11C5226D400D94F1B /* CTCommon.framework */;
			productType = "com.apple.product-type.framework";
		};
		B72EEDCA1C5226D400D94F1B /* CTCommonTests */ = {
			isa = PBXNativeTarget;
			buildConfigurationList = B72EEDD81C5226D400D94F1B /* Build configuration list for PBXNativeTarget "CTCommonTests" */;
			buildPhases = (
				B72EEDC71C5226D400D94F1B /* Sources */,
				B72EEDC81C5226D400D94F1B /* Frameworks */,
				B72EEDC91C5226D400D94F1B /* Resources */,
			);
			buildRules = (
			);
			dependencies = (
				B72EEDCE1C5226D400D94F1B /* PBXTargetDependency */,
			);
			name = CTCommonTests;
			productName = CTCommonTests;
			productReference = B72EEDCB1C5226D400D94F1B /* CTCommonTests.xctest */;
			productType = "com.apple.product-type.bundle.unit-test";
		};
/* End PBXNativeTarget section */

/* Begin PBXProject section */
		B72EEDB81C5226D400D94F1B /* Project object */ = {
			isa = PBXProject;
			attributes = {
				LastUpgradeCheck = 0720;
				ORGANIZATIONNAME = Huawei;
				TargetAttributes = {
					B72EEDC01C5226D400D94F1B = {
						CreatedOnToolsVersion = 7.2;
					};
					B72EEDCA1C5226D400D94F1B = {
						CreatedOnToolsVersion = 7.2;
					};
				};
			};
			buildConfigurationList = B72EEDBB1C5226D400D94F1B /* Build configuration list for PBXProject "CTCommon" */;
			compatibilityVersion = "Xcode 3.2";
			developmentRegion = English;
			hasScannedForEncodings = 0;
			knownRegions = (
				en,
			);
			mainGroup = B72EEDB71C5226D400D94F1B;
			productRefGroup = B72EEDC21C5226D400D94F1B /* Products */;
			projectDirPath = "";
			projectRoot = "";
			targets = (
				B72EEDC01C5226D400D94F1B /* CTCommon */,
				B72EEDCA1C5226D400D94F1B /* CTCommonTests */,
			);
		};
/* End PBXProject section */

/* Begin PBXResourcesBuildPhase section */
		B72EEDBF1C5226D400D94F1B /* Resources */ = {
			isa = PBXResourcesBuildPhase;
			buildActionMask = 2147483647;
			files = (
			);
			runOnlyForDeploymentPostprocessing = 0;
		};
		B72EEDC91C5226D400D94F1B /* Resources */ = {
			isa = PBXResourcesBuildPhase;
			buildActionMask = 2147483647;
			files = (
			);
			runOnlyForDeploymentPostprocessing = 0;
		};
/* End PBXResourcesBuildPhase section */

/* Begin PBXSourcesBuildPhase section */
		B72EEDBC1C5226D400D94F1B /* Sources */ = {
			isa = PBXSourcesBuildPhase;
			buildActionMask = 2147483647;
			files = (
				B72EEDE31C5226FE00D94F1B /* CTI18N.m in Sources */,
				B72EEDE61C5226FE00D94F1B /* CTLog.m in Sources */,
			);
			runOnlyForDeploymentPostprocessing = 0;
		};
		B72EEDC71C5226D400D94F1B /* Sources */ = {
			isa = PBXSourcesBuildPhase;
			buildActionMask = 2147483647;
			files = (
				B72EEDD11C5226D400D94F1B /* CTCommonTests.m in Sources */,
			);
			runOnlyForDeploymentPostprocessing = 0;
		};
/* End PBXSourcesBuildPhase section */

/* Begin PBXTargetDependency section */
		B72EEDCE1C5226D400D94F1B /* PBXTargetDependency */ = {
			isa = PBXTargetDependency;
			target = B72EEDC01C5226D400D94F1B /* CTCommon */;
			targetProxy = B72EEDCD1C5226D400D94F1B /* PBXContainerItemProxy */;
		};
/* End PBXTargetDependency section */

/* Begin XCBuildConfiguration section */
		B72EEDD31C5226D400D94F1B /* Debug */ = {
			isa = XCBuildConfiguration;
			buildSettings = {
				ALWAYS_SEARCH_USER_PATHS = NO;
				CLANG_CXX_LANGUAGE_STANDARD = "gnu++0x";
				CLANG_CXX_LIBRARY = "libc++";
				CLANG_ENABLE_MODULES = YES;
				CLANG_ENABLE_OBJC_ARC = YES;
				CLANG_WARN_BOOL_CONVERSION = YES;
				CLANG_WARN_CONSTANT_CONVERSION = YES;
				CLANG_WARN_DIRECT_OBJC_ISA_USAGE = YES_ERROR;
				CLANG_WARN_EMPTY_BODY = YES;
				CLANG_WARN_ENUM_CONVERSION = YES;
				CLANG_WARN_INT_CONVERSION = YES;
				CLANG_WARN_OBJC_ROOT_CLASS = YES_ERROR;
				CLANG_WARN_UNREACHABLE_CODE = YES;
				CLANG_WARN__DUPLICATE_METHOD_MATCH = YES;
				"CODE_SIGN_IDENTITY[sdk=iphoneos*]" = "iPhone Developer";
				COPY_PHASE_STRIP = NO;
				CURRENT_PROJECT_VERSION = 1;
				DEBUG_INFORMATION_FORMAT = dwarf;
				ENABLE_STRICT_OBJC_MSGSEND = YES;
				ENABLE_TESTABILITY = YES;
				GCC_C_LANGUAGE_STANDARD = gnu99;
				GCC_DYNAMIC_NO_PIC = NO;
				GCC_NO_COMMON_BLOCKS = YES;
				GCC_OPTIMIZATION_LEVEL = 0;
				GCC_PREPROCESSOR_DEFINITIONS = (
					"DEBUG=1",
					"$(inherited)",
				);
				GCC_WARN_64_TO_32_BIT_CONVERSION = YES;
				GCC_WARN_ABOUT_RETURN_TYPE = YES_ERROR;
				GCC_WARN_UNDECLARED_SELECTOR = YES;
				GCC_WARN_UNINITIALIZED_AUTOS = YES_AGGRESSIVE;
				GCC_WARN_UNUSED_FUNCTION = YES;
				GCC_WARN_UNUSED_VARIABLE = YES;
				IPHONEOS_DEPLOYMENT_TARGET = 9.2;
				MTL_ENABLE_DEBUG_INFO = YES;
				ONLY_ACTIVE_ARCH = YES;
				SDKROOT = iphoneos;
				TARGETED_DEVICE_FAMILY = "1,2";
				VERSIONING_SYSTEM = "apple-generic";
				VERSION_INFO_PREFIX = "";
			};
			name = Debug;
		};
		B72EEDD41C5226D400D94F1B /* Release */ = {
			isa = XCBuildConfiguration;
			buildSettings = {
				ALWAYS_SEARCH_USER_PATHS = NO;
				CLANG_CXX_LANGUAGE_STANDARD = "gnu++0x";
				CLANG_CXX_LIBRARY = "libc++";
				CLANG_ENABLE_MODULES = YES;
				CLANG_ENABLE_OBJC_ARC = YES;
				CLANG_WARN_BOOL_CONVERSION = YES;
				CLANG_WARN_CONSTANT_CONVERSION = YES;
				CLANG_WARN_DIRECT_OBJC_ISA_USAGE = YES_ERROR;
				CLANG_WARN_EMPTY_BODY = YES;
				CLANG_WARN_ENUM_CONVERSION = YES;
				CLANG_WARN_INT_CONVERSION = YES;
				CLANG_WARN_OBJC_ROOT_CLASS = YES_ERROR;
				CLANG_WARN_UNREACHABLE_CODE = YES;
				CLANG_WARN__DUPLICATE_METHOD_MATCH = YES;
				"CODE_SIGN_IDENTITY[sdk=iphoneos*]" = "iPhone Developer";
				COPY_PHASE_STRIP = NO;
				CURRENT_PROJECT_VERSION = 1;
				DEBUG_INFORMATION_FORMAT = "dwarf-with-dsym";
				ENABLE_NS_ASSERTIONS = NO;
				ENABLE_STRICT_OBJC_MSGSEND = YES;
				GCC_C_LANGUAGE_STANDARD = gnu99;
				GCC_NO_COMMON_BLOCKS = YES;
				GCC_WARN_64_TO_32_BIT_CONVERSION = YES;
				GCC_WARN_ABOUT_RETURN_TYPE = YES_ERROR;
				GCC_WARN_UNDECLARED_SELECTOR = YES;
				GCC_WARN_UNINITIALIZED_AUTOS = YES_AGGRESSIVE;
				GCC_WARN_UNUSED_FUNCTION = YES;
				GCC_WARN_UNUSED_VARIABLE = YES;
				IPHONEOS_DEPLOYMENT_TARGET = 9.2;
				MTL_ENABLE_DEBUG_INFO = NO;
				SDKROOT = iphoneos;
				TARGETED_DEVICE_FAMILY = "1,2";
				VALIDATE_PRODUCT = YES;
				VERSIONING_SYSTEM = "apple-generic";
				VERSION_INFO_PREFIX = "";
			};
			name = Release;
		};
		B72EEDD61C5226D400D94F1B /* Debug */ = {
			isa = XCBuildConfiguration;
			buildSettings = {
				DEFINES_MODULE = YES;
				DYLIB_COMPATIBILITY_VERSION = 1;
				DYLIB_CURRENT_VERSION = 1;
				DYLIB_INSTALL_NAME_BASE = "@rpath";
				INFOPLIST_FILE = CTCommon/Info.plist;
				INSTALL_PATH = "$(LOCAL_LIBRARY_DIR)/Frameworks";
				IPHONEOS_DEPLOYMENT_TARGET = 8.0;
				LD_RUNPATH_SEARCH_PATHS = "$(inherited) @executable_path/Frameworks @loader_path/Frameworks";
				PRODUCT_BUNDLE_IDENTIFIER = com.huawei.speedpro.CTCommon;
				PRODUCT_NAME = "$(TARGET_NAME)";
				SKIP_INSTALL = YES;
			};
			name = Debug;
		};
		B72EEDD71C5226D400D94F1B /* Release */ = {
			isa = XCBuildConfiguration;
			buildSettings = {
				DEFINES_MODULE = YES;
				DYLIB_COMPATIBILITY_VERSION = 1;
				DYLIB_CURRENT_VERSION = 1;
				DYLIB_INSTALL_NAME_BASE = "@rpath";
				INFOPLIST_FILE = CTCommon/Info.plist;
				INSTALL_PATH = "$(LOCAL_LIBRARY_DIR)/Frameworks";
				IPHONEOS_DEPLOYMENT_TARGET = 8.0;
				LD_RUNPATH_SEARCH_PATHS = "$(inherited) @executable_path/Frameworks @loader_path/Frameworks";
				PRODUCT_BUNDLE_IDENTIFIER = com.huawei.speedpro.CTCommon;
				PRODUCT_NAME = "$(TARGET_NAME)";
				SKIP_INSTALL = YES;
			};
			name = Release;
		};
		B72EEDD91C5226D400D94F1B /* Debug */ = {
			isa = XCBuildConfiguration;
			buildSettings = {
				INFOPLIST_FILE = CTCommonTests/Info.plist;
				LD_RUNPATH_SEARCH_PATHS = "$(inherited) @executable_path/Frameworks @loader_path/Frameworks";
				PRODUCT_BUNDLE_IDENTIFIER = com.huawei.speedpro.CTCommonTests;
				PRODUCT_NAME = "$(TARGET_NAME)";
			};
			name = Debug;
		};
		B72EEDDA1C5226D400D94F1B /* Release */ = {
			isa = XCBuildConfiguration;
			buildSettings = {
				INFOPLIST_FILE = CTCommonTests/Info.plist;
				LD_RUNPATH_SEARCH_PATHS = "$(inherited) @executable_path/Frameworks @loader_path/Frameworks";
				PRODUCT_BUNDLE_IDENTIFIER = com.huawei.speedpro.CTCommonTests;
				PRODUCT_NAME = "$(TARGET_NAME)";
			};
			name = Release;
		};
/* End XCBuildConfiguration section */

/* Begin XCConfigurationList section */
		B72EEDBB1C5226D400D94F1B /* Build configuration list for PBXProject "CTCommon" */ = {
			isa = XCConfigurationList;
			buildConfigurations = (
				B72EEDD31C5226D400D94F1B /* Debug */,
				B72EEDD41C5226D400D94F1B /* Release */,
			);
			defaultConfigurationIsVisible = 0;
			defaultConfigurationName = Release;
		};
		B72EEDD51C5226D400D94F1B /* Build configuration list for PBXNativeTarget "CTCommon" */ = {
			isa = XCConfigurationList;
			buildConfigurations = (
				B72EEDD61C5226D400D94F1B /* Debug */,
				B72EEDD71C5226D400D94F1B /* Release */,
			);
			defaultConfigurationIsVisible = 0;
			defaultConfigurationName = Release;
		};
		B72EEDD81C5226D400D94F1B /* Build configuration list for PBXNativeTarget "CTCommonTests" */ = {
			isa = XCConfigurationList;
			buildConfigurations = (
				B72EEDD91C5226D400D94F1B /* Debug */,
				B72EEDDA1C5226D400D94F1B /* Release */,
			);
			defaultConfigurationIsVisible = 0;
			defaultConfigurationName = Release;
		};
/* End XCConfigurationList section */
	};
	rootObject = B72EEDB81C5226D400D94F1B /* Project object */;
}
